
Microsoft Visual Studio Solution File, Format Version 12.00
# Visual Studio Version 17
VisualStudioVersion = 17.12.35527.113 d17.12
MinimumVisualStudioVersion = 10.0.40219.1
Project("{FAE04EC0-301F-11D3-BF4B-00C04F79EFBC}") = "RvasApp", "RvasApp\RvasApp.csproj", "{41BB3697-D566-4473-8D80-6D79280A8045}"
EndProject
Global
	GlobalSection(SolutionConfigurationPlatforms) = preSolution
		Debug|Any CPU = Debug|Any CPU
		Release|Any CPU = Release|Any CPU
	EndGlobalSection
	GlobalSection(ProjectConfigurationPlatforms) = postSolution
		{41BB3697-D566-4473-8D80-6D79280A8045}.Debug|Any CPU.ActiveCfg = Debug|Any CPU
		{41BB3697-D566-4473-8D80-6D79280A8045}.Debug|Any CPU.Build.0 = Debug|Any CPU
		{41BB3697-D566-4473-8D80-6D79280A8045}.Release|Any CPU.ActiveCfg = Release|Any CPU
		{41BB3697-D566-4473-8D80-6D79280A8045}.Release|Any CPU.Build.0 = Release|Any CPU
	EndGlobalSection
	GlobalSection(SolutionProperties) = preSolution
		HideSolutionNode = FALSE
	EndGlobalSection
EndGlobal
